// !$*UTF8*$!
{
	archiveVersion = 1;
	classes = {
	};
	objectVersion = 51;
	objects = {

/* Begin PBXBuildFile section */
		3324EC4C1AB63CE400E17277 /* AppDelegate.swift in Sources */ = {isa = PBXBuildFile; fileRef = 3324EC4B1AB63CE400E17277 /* AppDelegate.swift */; };
		3324EC4E1AB63CE500E17277 /* RecordSoundsViewController.swift in Sources */ = {isa = PBXBuildFile; fileRef = 3324EC4D1AB63CE500E17277 /* RecordSoundsViewController.swift */; };
		3324EC511AB63CE500E17277 /* Main.storyboard in Resources */ = {isa = PBXBuildFile; fileRef = 3324EC4F1AB63CE500E17277 /* Main.storyboard */; };
		3324EC531AB63CE500E17277 /* Images.xcassets in Resources */ = {isa = PBXBuildFile; fileRef = 3324EC521AB63CE500E17277 /* Images.xcassets */; };
		3324EC561AB63CE500E17277 /* LaunchScreen.xib in Resources */ = {isa = PBXBuildFile; fileRef = 3324EC541AB63CE500E17277 /* LaunchScreen.xib */; };
		3324EC621AB63CE500E17277 /* Pitch_PerfectTests.swift in Sources */ = {isa = PBXBuildFile; fileRef = 3324EC611AB63CE500E17277 /* Pitch_PerfectTests.swift */; };
		33F2CF2B1ABE2C7400CCA798 /* PlaySoundsViewController.swift in Sources */ = {isa = PBXBuildFile; fileRef = 33F2CF2A1ABE2C7400CCA798 /* PlaySoundsViewController.swift */; };
		33F2CF2F1ABE615400CCA798 /* movie_quote.mp3 in Resources */ = {isa = PBXBuildFile; fileRef = 33F2CF2E1ABE615400CCA798 /* movie_quote.mp3 */; };
		33F2CF311ABF8E1700CCA798 /* RecordedAudio.swift in Sources */ = {isa = PBXBuildFile; fileRef = 33F2CF301ABF8E1600CCA798 /* RecordedAudio.swift */; };
/* End PBXBuildFile section */

/* Begin PBXContainerItemProxy section */
		3324EC5C1AB63CE500E17277 /* PBXContainerItemProxy */ = {
			isa = PBXContainerItemProxy;
			containerPortal = 3324EC3E1AB63CE400E17277 /* Project object */;
			proxyType = 1;
			remoteGlobalIDString = 3324EC451AB63CE400E17277;
			remoteInfo = "Pitch Perfect";
		};
/* End PBXContainerItemProxy section */

/* Begin PBXFileReference section */
		3324EC461AB63CE400E17277 /* Pitch Perfect.app */ = {isa = PBXFileReference; explicitFileType = wrapper.application; includeInIndex = 0; path = "Pitch Perfect.app"; sourceTree = BUILT_PRODUCTS_DIR; };
		3324EC4A1AB63CE400E17277 /* Info.plist */ = {isa = PBXFileReference; lastKnownFileType = text.plist.xml; path = Info.plist; sourceTree = "<group>"; };
		3324EC4B1AB63CE400E17277 /* AppDelegate.swift */ = {isa = PBXFileReference; lastKnownFileType = sourcecode.swift; path = AppDelegate.swift; sourceTree = "<group>"; };
		3324EC4D1AB63CE500E17277 /* RecordSoundsViewController.swift */ = {isa = PBXFileReference; lastKnownFileType = sourcecode.swift; path = RecordSoundsViewController.swift; sourceTree = "<group>"; };
		3324EC501AB63CE500E17277 /* Base */ = {isa = PBXFileReference; lastKnownFileType = file.storyboard; name = Base; path = Base.lproj/Main.storyboard; sourceTree = "<group>"; };
		3324EC521AB63CE500E17277 /* Images.xcassets */ = {isa = PBXFileReference; lastKnownFileType = folder.assetcatalog; path = Images.xcassets; sourceTree = "<group>"; };
		3324EC551AB63CE500E17277 /* Base */ = {isa = PBXFileReference; lastKnownFileType = file.xib; name = Base; path = Base.lproj/LaunchScreen.xib; sourceTree = "<group>"; };
		3324EC5B1AB63CE500E17277 /* Pitch PerfectTests.xctest */ = {isa = PBXFileReference; explicitFileType = wrapper.cfbundle; includeInIndex = 0; path = "Pitch PerfectTests.xctest"; sourceTree = BUILT_PRODUCTS_DIR; };
		3324EC601AB63CE500E17277 /* Info.plist */ = {isa = PBXFileReference; lastKnownFileType = text.plist.xml; path = Info.plist; sourceTree = "<group>"; };
		3324EC611AB63CE500E17277 /* Pitch_PerfectTests.swift */ = {isa = PBXFileReference; lastKnownFileType = sourcecode.swift; path = Pitch_PerfectTests.swift; sourceTree = "<group>"; };
		33F2CF2A1ABE2C7400CCA798 /* PlaySoundsViewController.swift */ = {isa = PBXFileReference; fileEncoding = 4; lastKnownFileType = sourcecode.swift; path = PlaySoundsViewController.swift; sourceTree = "<group>"; };
		33F2CF2C1ABE41BA00CCA798 /* AVFoundation.framework */ = {isa = PBXFileReference; lastKnownFileType = wrapper.framework; name = AVFoundation.framework; path = ../iPhoneOS.sdk/System/Library/Frameworks/AVFoundation.framework; sourceTree = SDKROOT; };
		33F2CF2E1ABE615400CCA798 /* movie_quote.mp3 */ = {isa = PBXFileReference; lastKnownFileType = audio.mp3; path = movie_quote.mp3; sourceTree = "<group>"; };
		33F2CF301ABF8E1600CCA798 /* RecordedAudio.swift */ = {isa = PBXFileReference; fileEncoding = 4; lastKnownFileType = sourcecode.swift; path = RecordedAudio.swift; sourceTree = "<group>"; };
/* End PBXFileReference section */

/* Begin PBXFrameworksBuildPhase section */
		3324EC431AB63CE400E17277 /* Frameworks */ = {
			isa = PBXFrameworksBuildPhase;
			buildActionMask = 2147483647;
			files = (
			);
			runOnlyForDeploymentPostprocessing = 0;
		};
		3324EC581AB63CE500E17277 /* Frameworks */ = {
			isa = PBXFrameworksBuildPhase;
			buildActionMask = 2147483647;
			files = (
			);
			runOnlyForDeploymentPostprocessing = 0;
		};
/* End PBXFrameworksBuildPhase section */

/* Begin PBXGroup section */
		3324EC3D1AB63CE400E17277 = {
			isa = PBXGroup;
			children = (
				33F2CF2C1ABE41BA00CCA798 /* AVFoundation.framework */,
				3324EC481AB63CE400E17277 /* Pitch Perfect */,
				3324EC5E1AB63CE500E17277 /* Pitch PerfectTests */,
				3324EC471AB63CE400E17277 /* Products */,
			);
			sourceTree = "<group>";
		};
		3324EC471AB63CE400E17277 /* Products */ = {
			isa = PBXGroup;
			children = (
				3324EC461AB63CE400E17277 /* Pitch Perfect.app */,
				3324EC5B1AB63CE500E17277 /* Pitch PerfectTests.xctest */,
			);
			name = Products;
			sourceTree = "<group>";
		};
		3324EC481AB63CE400E17277 /* Pitch Perfect */ = {
			isa = PBXGroup;
			children = (
				3324EC4B1AB63CE400E17277 /* AppDelegate.swift */,
				3324EC4D1AB63CE500E17277 /* RecordSoundsViewController.swift */,
				3324EC4F1AB63CE500E17277 /* Main.storyboard */,
				33F2CF301ABF8E1600CCA798 /* RecordedAudio.swift */,
				33F2CF2A1ABE2C7400CCA798 /* PlaySoundsViewController.swift */,
				3324EC521AB63CE500E17277 /* Images.xcassets */,
				3324EC541AB63CE500E17277 /* LaunchScreen.xib */,
				3324EC491AB63CE400E17277 /* Supporting Files */,
			);
			path = "Pitch Perfect";
			sourceTree = "<group>";
		};
		3324EC491AB63CE400E17277 /* Supporting Files */ = {
			isa = PBXGroup;
			children = (
				33F2CF2E1ABE615400CCA798 /* movie_quote.mp3 */,
				3324EC4A1AB63CE400E17277 /* Info.plist */,
			);
			name = "Supporting Files";
			sourceTree = "<group>";
		};
		3324EC5E1AB63CE500E17277 /* Pitch PerfectTests */ = {
			isa = PBXGroup;
			children = (
				3324EC611AB63CE500E17277 /* Pitch_PerfectTests.swift */,
				3324EC5F1AB63CE500E17277 /* Supporting Files */,
			);
			path = "Pitch PerfectTests";
			sourceTree = "<group>";
		};
		3324EC5F1AB63CE500E17277 /* Supporting Files */ = {
			isa = PBXGroup;
			children = (
				3324EC601AB63CE500E17277 /* Info.plist */,
			);
			name = "Supporting Files";
			sourceTree = "<group>";
		};
/* End PBXGroup section */

/* Begin PBXNativeTarget section */
		3324EC451AB63CE400E17277 /* Pitch Perfect */ = {
			isa = PBXNativeTarget;
			buildConfigurationList = 3324EC651AB63CE500E17277 /* Build configuration list for PBXNativeTarget "Pitch Perfect" */;
			buildPhases = (
				3324EC421AB63CE400E17277 /* Sources */,
				3324EC431AB63CE400E17277 /* Frameworks */,
				3324EC441AB63CE400E17277 /* Resources */,
			);
			buildRules = (
			);
			dependencies = (
			);
			name = "Pitch Perfect";
			productName = "Pitch Perfect";
			productReference = 3324EC461AB63CE400E17277 /* Pitch Perfect.app */;
			productType = "com.apple.product-type.application";
		};
		3324EC5A1AB63CE500E17277 /* Pitch PerfectTests */ = {
			isa = PBXNativeTarget;
			buildConfigurationList = 3324EC681AB63CE500E17277 /* Build configuration list for PBXNativeTarget "Pitch PerfectTests" */;
			buildPhases = (
				3324EC571AB63CE500E17277 /* Sources */,
				3324EC581AB63CE500E17277 /* Frameworks */,
				3324EC591AB63CE500E17277 /* Resources */,
			);
			buildRules = (
			);
			dependencies = (
				3324EC5D1AB63CE500E17277 /* PBXTargetDependency */,
			);
			name = "Pitch PerfectTests";
			productName = "Pitch PerfectTests";
			productReference = 3324EC5B1AB63CE500E17277 /* Pitch PerfectTests.xctest */;
			productType = "com.apple.product-type.bundle.unit-test";
		};
/* End PBXNativeTarget section */

/* Begin PBXProject section */
		3324EC3E1AB63CE400E17277 /* Project object */ = {
			isa = PBXProject;
			attributes = {
				LastSwiftMigration = 0720;
				LastSwiftUpdateCheck = 0720;
				LastUpgradeCheck = 0940;
				ORGANIZATIONNAME = "Eric N. Winn";
				TargetAttributes = {
					3324EC451AB63CE400E17277 = {
						CreatedOnToolsVersion = 6.2;
						DevelopmentTeam = XS93Y9UU55;
						LastSwiftMigration = 1010;
					};
					3324EC5A1AB63CE500E17277 = {
						CreatedOnToolsVersion = 6.2;
						DevelopmentTeam = XS93Y9UU55;
						LastSwiftMigration = 1010;
						TestTargetID = 3324EC451AB63CE400E17277;
					};
				};
			};
			buildConfigurationList = 3324EC411AB63CE400E17277 /* Build configuration list for PBXProject "Pitch Perfect" */;
			compatibilityVersion = "Xcode 10.0";
			developmentRegion = English;
			hasScannedForEncodings = 0;
			knownRegions = (
				en,
				Base,
			);
			mainGroup = 3324EC3D1AB63CE400E17277;
			productRefGroup = 3324EC471AB63CE400E17277 /* Products */;
			projectDirPath = "";
			projectRoot = "";
			targets = (
				3324EC451AB63CE400E17277 /* Pitch Perfect */,
				3324EC5A1AB63CE500E17277 /* Pitch PerfectTests */,
			);
		};
/* End PBXProject section */

/* Begin PBXResourcesBuildPhase section */
		3324EC441AB63CE400E17277 /* Resources */ = {
			isa = PBXResourcesBuildPhase;
			buildActionMask = 2147483647;
			files = (
				3324EC511AB63CE500E17277 /* Main.storyboard in Resources */,
				3324EC561AB63CE500E17277 /* LaunchScreen.xib in Resources */,
				33F2CF2F1ABE615400CCA798 /* movie_quote.mp3 in Resources */,
				3324EC531AB63CE500E17277 /* Images.xcassets in Resources */,
			);
			runOnlyForDeploymentPostprocessing = 0;
		};
		3324EC591AB63CE500E17277 /* Resources */ = {
			isa = PBXResourcesBuildPhase;
			buildActionMask = 2147483647;
			files = (
			);
			runOnlyForDeploymentPostprocessing = 0;
		};
/* End PBXResourcesBuildPhase section */

/* Begin PBXSourcesBuildPhase section */
		3324EC421AB63CE400E17277 /* Sources */ = {
			isa = PBXSourcesBuildPhase;
			buildActionMask = 2147483647;
			files = (
				33F2CF311ABF8E1700CCA798 /* RecordedAudio.swift in Sources */,
				3324EC4E1AB63CE500E17277 /* RecordSoundsViewController.swift in Sources */,
				33F2CF2B1ABE2C7400CCA798 /* PlaySoundsViewController.swift in Sources */,
				3324EC4C1AB63CE400E17277 /* AppDelegate.swift in Sources */,
			);
			runOnlyForDeploymentPostprocessing = 0;
		};
		3324EC571AB63CE500E17277 /* Sources */ = {
			isa = PBXSourcesBuildPhase;
			buildActionMask = 2147483647;
			files = (
				3324EC621AB63CE500E17277 /* Pitch_PerfectTests.swift in Sources */,
			);
			runOnlyForDeploymentPostprocessing = 0;
		};
/* End PBXSourcesBuildPhase section */

/* Begin PBXTargetDependency section */
		3324EC5D1AB63CE500E17277 /* PBXTargetDependency */ = {
			isa = PBXTargetDependency;
			target = 3324EC451AB63CE400E17277 /* Pitch Perfect */;
			targetProxy = 3324EC5C1AB63CE500E17277 /* PBXContainerItemProxy */;
		};
/* End PBXTargetDependency section */

/* Begin PBXVariantGroup section */
		3324EC4F1AB63CE500E17277 /* Main.storyboard */ = {
			isa = PBXVariantGroup;
			children = (
				3324EC501AB63CE500E17277 /* Base */,
			);
			name = Main.storyboard;
			sourceTree = "<group>";
		};
		3324EC541AB63CE500E17277 /* LaunchScreen.xib */ = {
			isa = PBXVariantGroup;
			children = (
				3324EC551AB63CE500E17277 /* Base */,
			);
			name = LaunchScreen.xib;
			sourceTree = "<group>";
		};
/* End PBXVariantGroup section */

/* Begin XCBuildConfiguration section */
		3324EC631AB63CE500E17277 /* Debug */ = {
			isa = XCBuildConfiguration;
			buildSettings = {
				ALWAYS_SEARCH_USER_PATHS = NO;
				CLANG_CXX_LANGUAGE_STANDARD = "gnu++0x";
				CLANG_CXX_LIBRARY = "libc++";
				CLANG_ENABLE_MODULES = YES;
				CLANG_ENABLE_OBJC_ARC = YES;
				CLANG_WARN_BLOCK_CAPTURE_AUTORELEASING = YES;
				CLANG_WARN_BOOL_CONVERSION = YES;
				CLANG_WARN_COMMA = YES;
				CLANG_WARN_CONSTANT_CONVERSION = YES;
				CLANG_WARN_DEPRECATED_OBJC_IMPLEMENTATIONS = YES;
				CLANG_WARN_DIRECT_OBJC_ISA_USAGE = YES_ERROR;
				CLANG_WARN_EMPTY_BODY = YES;
				CLANG_WARN_ENUM_CONVERSION = YES;
				CLANG_WARN_INFINITE_RECURSION = YES;
				CLANG_WARN_INT_CONVERSION = YES;
				CLANG_WARN_NON_LITERAL_NULL_CONVERSION = YES;
				CLANG_WARN_OBJC_IMPLICIT_RETAIN_SELF = YES;
				CLANG_WARN_OBJC_LITERAL_CONVERSION = YES;
				CLANG_WARN_OBJC_ROOT_CLASS = YES_ERROR;
				CLANG_WARN_RANGE_LOOP_ANALYSIS = YES;
				CLANG_WARN_STRICT_PROTOTYPES = YES;
				CLANG_WARN_SUSPICIOUS_MOVE = YES;
				CLANG_WARN_UNREACHABLE_CODE = YES;
				CLANG_WARN__DUPLICATE_METHOD_MATCH = YES;
				"CODE_SIGN_IDENTITY[sdk=iphoneos*]" = "iPhone Developer";
				COPY_PHASE_STRIP = NO;
				ENABLE_STRICT_OBJC_MSGSEND = YES;
				ENABLE_TESTABILITY = YES;
				GCC_C_LANGUAGE_STANDARD = gnu99;
				GCC_DYNAMIC_NO_PIC = NO;
				GCC_NO_COMMON_BLOCKS = YES;
				GCC_OPTIMIZATION_LEVEL = 0;
				GCC_PREPROCESSOR_DEFINITIONS = (
					"DEBUG=1",
					"$(inherited)",
				);
				GCC_SYMBOLS_PRIVATE_EXTERN = NO;
				GCC_WARN_64_TO_32_BIT_CONVERSION = YES;
				GCC_WARN_ABOUT_RETURN_TYPE = YES_ERROR;
				GCC_WARN_UNDECLARED_SELECTOR = YES;
				GCC_WARN_UNINITIALIZED_AUTOS = YES_AGGRESSIVE;
				GCC_WARN_UNUSED_FUNCTION = YES;
				GCC_WARN_UNUSED_VARIABLE = YES;
				IPHONEOS_DEPLOYMENT_TARGET = 12.1;
				MTL_ENABLE_DEBUG_INFO = YES;
				ONLY_ACTIVE_ARCH = YES;
				SDKROOT = iphoneos;
				SWIFT_OPTIMIZATION_LEVEL = "-Onone";
				SWIFT_VERSION = 4.2;
			};
			name = Debug;
		};
		3324EC641AB63CE500E17277 /* Release */ = {
			isa = XCBuildConfiguration;
			buildSettings = {
				ALWAYS_SEARCH_USER_PATHS = NO;
				CLANG_CXX_LANGUAGE_STANDARD = "gnu++0x";
				CLANG_CXX_LIBRARY = "libc++";
				CLANG_ENABLE_MODULES = YES;
				CLANG_ENABLE_OBJC_ARC = YES;
				CLANG_WARN_BLOCK_CAPTURE_AUTORELEASING = YES;
				CLANG_WARN_BOOL_CONVERSION = YES;
				CLANG_WARN_COMMA = YES;
				CLANG_WARN_CONSTANT_CONVERSION = YES;
				CLANG_WARN_DEPRECATED_OBJC_IMPLEMENTATIONS = YES;
				CLANG_WARN_DIRECT_OBJC_ISA_USAGE = YES_ERROR;
				CLANG_WARN_EMPTY_BODY = YES;
				CLANG_WARN_ENUM_CONVERSION = YES;
				CLANG_WARN_INFINITE_RECURSION = YES;
				CLANG_WARN_INT_CONVERSION = YES;
				CLANG_WARN_NON_LITERAL_NULL_CONVERSION = YES;
				CLANG_WARN_OBJC_IMPLICIT_RETAIN_SELF = YES;
				CLANG_WARN_OBJC_LITERAL_CONVERSION = YES;
				CLANG_WARN_OBJC_ROOT_CLASS = YES_ERROR;
				CLANG_WARN_RANGE_LOOP_ANALYSIS = YES;
				CLANG_WARN_STRICT_PROTOTYPES = YES;
				CLANG_WARN_SUSPICIOUS_MOVE = YES;
				CLANG_WARN_UNREACHABLE_CODE = YES;
				CLANG_WARN__DUPLICATE_METHOD_MATCH = YES;
				"CODE_SIGN_IDENTITY[sdk=iphoneos*]" = "iPhone Developer";
				COPY_PHASE_STRIP = NO;
				ENABLE_NS_ASSERTIONS = NO;
				ENABLE_STRICT_OBJC_MSGSEND = YES;
				GCC_C_LANGUAGE_STANDARD = gnu99;
				GCC_NO_COMMON_BLOCKS = YES;
				GCC_WARN_64_TO_32_BIT_CONVERSION = YES;
				GCC_WARN_ABOUT_RETURN_TYPE = YES_ERROR;
				GCC_WARN_UNDECLARED_SELECTOR = YES;
				GCC_WARN_UNINITIALIZED_AUTOS = YES_AGGRESSIVE;
				GCC_WARN_UNUSED_FUNCTION = YES;
				GCC_WARN_UNUSED_VARIABLE = YES;
				IPHONEOS_DEPLOYMENT_TARGET = 12.1;
				MTL_ENABLE_DEBUG_INFO = NO;
				SDKROOT = iphoneos;
				SWIFT_COMPILATION_MODE = wholemodule;
				SWIFT_VERSION = 4.2;
				VALIDATE_PRODUCT = YES;
			};
			name = Release;
		};
		3324EC661AB63CE500E17277 /* Debug */ = {
			isa = XCBuildConfiguration;
			buildSettings = {
				ASSETCATALOG_COMPILER_APPICON_NAME = AppIcon;
				CODE_SIGN_IDENTITY = "iPhone Developer";
				"CODE_SIGN_IDENTITY[sdk=iphoneos*]" = "iPhone Developer";
				INFOPLIST_FILE = "Pitch Perfect/Info.plist";
				LD_RUNPATH_SEARCH_PATHS = (
					"$(inherited)",
					"@executable_path/Frameworks",
				);
				PRODUCT_BUNDLE_IDENTIFIER = "com.ericnwinn.$(PRODUCT_NAME:rfc1034identifier)";
				PRODUCT_NAME = "$(TARGET_NAME)";
				PROVISIONING_PROFILE = "";
				SWIFT_VERSION = 4.2;
				TARGETED_DEVICE_FAMILY = "1,2";
			};
			name = Debug;
		};
		3324EC671AB63CE500E17277 /* Release */ = {
			isa = XCBuildConfiguration;
			buildSettings = {
				ASSETCATALOG_COMPILER_APPICON_NAME = AppIcon;
				CODE_SIGN_IDENTITY = "iPhone Developer";
				"CODE_SIGN_IDENTITY[sdk=iphoneos*]" = "iPhone Developer";
				INFOPLIST_FILE = "Pitch Perfect/Info.plist";
				LD_RUNPATH_SEARCH_PATHS = (
					"$(inherited)",
					"@executable_path/Frameworks",
				);
				PRODUCT_BUNDLE_IDENTIFIER = "com.ericnwinn.$(PRODUCT_NAME:rfc1034identifier)";
				PRODUCT_NAME = "$(TARGET_NAME)";
				PROVISIONING_PROFILE = "";
				SWIFT_VERSION = 4.2;
				TARGETED_DEVICE_FAMILY = "1,2";
			};
			name = Release;
		};
		3324EC691AB63CE500E17277 /* Debug */ = {
			isa = XCBuildConfiguration;
			buildSettings = {
				BUNDLE_LOADER = "$(TEST_HOST)";
				CODE_SIGN_IDENTITY = "iPhone Developer";
				"CODE_SIGN_IDENTITY[sdk=iphoneos*]" = "iPhone Developer";
				FRAMEWORK_SEARCH_PATHS = (
					"$(SDKROOT)/Developer/Library/Frameworks",
					"$(inherited)",
				);
				GCC_PREPROCESSOR_DEFINITIONS = (
					"DEBUG=1",
					"$(inherited)",
				);
				INFOPLIST_FILE = "Pitch PerfectTests/Info.plist";
				LD_RUNPATH_SEARCH_PATHS = (
					"$(inherited)",
					"@executable_path/Frameworks",
					"@loader_path/Frameworks",
				);
				PRODUCT_BUNDLE_IDENTIFIER = "com.ericnwinn.$(PRODUCT_NAME:rfc1034identifier)";
				PRODUCT_NAME = "$(TARGET_NAME)";
				PROVISIONING_PROFILE = "";
				SWIFT_VERSION = 4.2;
				TEST_HOST = "$(BUILT_PRODUCTS_DIR)/Pitch Perfect.app/Pitch Perfect";
			};
			name = Debug;
		};
		3324EC6A1AB63CE500E17277 /* Release */ = {
			isa = XCBuildConfiguration;
			buildSettings = {
				BUNDLE_LOADER = "$(TEST_HOST)";
				CODE_SIGN_IDENTITY = "iPhone Developer";
				"CODE_SIGN_IDENTITY[sdk=iphoneos*]" = "iPhone Developer";
				FRAMEWORK_SEARCH_PATHS = (
					"$(SDKROOT)/Developer/Library/Frameworks",
					"$(inherited)",
				);
				INFOPLIST_FILE = "Pitch PerfectTests/Info.plist";
				LD_RUNPATH_SEARCH_PATHS = (
					"$(inherited)",
					"@executable_path/Frameworks",
					"@loader_path/Frameworks",
				);
				PRODUCT_BUNDLE_IDENTIFIER = "com.ericnwinn.$(PRODUCT_NAME:rfc1034identifier)";
				PRODUCT_NAME = "$(TARGET_NAME)";
				PROVISIONING_PROFILE = "";
				SWIFT_VERSION = 4.2;
				TEST_HOST = "$(BUILT_PRODUCTS_DIR)/Pitch Perfect.app/Pitch Perfect";
			};
			name = Release;
		};
/* End XCBuildConfiguration section */

/* Begin XCConfigurationList section */
		3324EC411AB63CE400E17277 /* Build configuration list for PBXProject "Pitch Perfect" */ = {
			isa = XCConfigurationList;
			buildConfigurations = (
				3324EC631AB63CE500E17277 /* Debug */,
				3324EC641AB63CE500E17277 /* Release */,
			);
			defaultConfigurationIsVisible = 0;
			defaultConfigurationName = Release;
		};
		3324EC651AB63CE500E17277 /* Build configuration list for PBXNativeTarget "Pitch Perfect" */ = {
			isa = XCConfigurationList;
			buildConfigurations = (
				3324EC661AB63CE500E17277 /* Debug */,
				3324EC671AB63CE500E17277 /* Release */,
			);
			defaultConfigurationIsVisible = 0;
			defaultConfigurationName = Release;
		};
		3324EC681AB63CE500E17277 /* Build configuration list for PBXNativeTarget "Pitch PerfectTests" */ = {
			isa = XCConfigurationList;
			buildConfigurations = (
				3324EC691AB63CE500E17277 /* Debug */,
				3324EC6A1AB63CE500E17277 /* Release */,
			);
			defaultConfigurationIsVisible = 0;
			defaultConfigurationName = Release;
		};
/* End XCConfigurationList section */
	};
	rootObject = 3324EC3E1AB63CE400E17277 /* Project object */;
}
